{
    "_meta": {
        "hash": {
            "sha256": "05a8fa921e5c5accd8d73f32315644d00143ca1d67e4f9a1226376922f3d4a42"
        },
        "pipfile-spec": 6,
        "requires": {
            "python_version": "3.10"
        },
        "sources": [
            {
                "name": "custom",
                "url": "https://pypi.tuna.tsinghua.edu.cn/simple",
                "verify_ssl": true
            }
        ]
    },
    "default": {},
    "develop": {}
}
